
Microsoft Visual Studio Solution File, Format Version 12.00
# Visual Studio 15
VisualStudioVersion = 15.0.27130.2036
MinimumVisualStudioVersion = 10.0.40219.1
Project("{FAE04EC0-301F-11D3-BF4B-00C04F79EFBC}") = "knights-tour-netcore", "knights-tour-netcore\knights-tour-netcore.csproj", "{DB77C6F6-2235-47C7-8A59-5F9F1077F3CD}"
EndProject
Global
	GlobalSection(SolutionConfigurationPlatforms) = preSolution
		Debug|Any CPU = Debug|Any CPU
		Release|Any CPU = Release|Any CPU
	EndGlobalSection
	GlobalSection(ProjectConfigurationPlatforms) = postSolution
		{DB77C6F6-2235-47C7-8A59-5F9F1077F3CD}.Debug|Any CPU.ActiveCfg = Debug|Any CPU
		{DB77C6F6-2235-47C7-8A59-5F9F1077F3CD}.Debug|Any CPU.Build.0 = Debug|Any CPU
		{DB77C6F6-2235-47C7-8A59-5F9F1077F3CD}.Release|Any CPU.ActiveCfg = Release|Any CPU
		{DB77C6F6-2235-47C7-8A59-5F9F1077F3CD}.Release|Any CPU.Build.0 = Release|Any CPU
	EndGlobalSection
	GlobalSection(SolutionProperties) = preSolution
		HideSolutionNode = FALSE
	EndGlobalSection
	GlobalSection(ExtensibilityGlobals) = postSolution
		SolutionGuid = {2E6DA9E7-4749-463B-B625-681A94326728}
	EndGlobalSection
EndGlobal
